// !$*UTF8*$!
{
	archiveVersion = 1;
	classes = {
	};
	objectVersion = 50;
	objects = {

/* Begin PBXBuildFile section */
		0E01B840266682FD0073D04C /* RightloomApp.swift in Sources */ = {isa = PBXBuildFile; fileRef = 0E01B82D266682FC0073D04C /* RightloomApp.swift */; };
		0E01B841266682FD0073D04C /* RightloomApp.swift in Sources */ = {isa = PBXBuildFile; fileRef = 0E01B82D266682FC0073D04C /* RightloomApp.swift */; };
		0E01B842266682FD0073D04C /* ContentView.swift in Sources */ = {isa = PBXBuildFile; fileRef = 0E01B82E266682FC0073D04C /* ContentView.swift */; };
		0E01B843266682FD0073D04C /* ContentView.swift in Sources */ = {isa = PBXBuildFile; fileRef = 0E01B82E266682FC0073D04C /* ContentView.swift */; };
		0E01B844266682FD0073D04C /* Assets.xcassets in Resources */ = {isa = PBXBuildFile; fileRef = 0E01B82F266682FD0073D04C /* Assets.xcassets */; };
		0E01B845266682FD0073D04C /* Assets.xcassets in Resources */ = {isa = PBXBuildFile; fileRef = 0E01B82F266682FD0073D04C /* Assets.xcassets */; };
		0E01B869266CFF6A0073D04C /* PhotoGridView.swift in Sources */ = {isa = PBXBuildFile; fileRef = 0E01B868266CFF6A0073D04C /* PhotoGridView.swift */; };
		0E01B86A266CFF6A0073D04C /* PhotoGridView.swift in Sources */ = {isa = PBXBuildFile; fileRef = 0E01B868266CFF6A0073D04C /* PhotoGridView.swift */; };
		0E01B86C266E76F10073D04C /* LoginView.swift in Sources */ = {isa = PBXBuildFile; fileRef = 0E01B86B266E76F10073D04C /* LoginView.swift */; };
		0E01B86D266E76F10073D04C /* LoginView.swift in Sources */ = {isa = PBXBuildFile; fileRef = 0E01B86B266E76F10073D04C /* LoginView.swift */; };
		0E01B86F266E7B6C0073D04C /* Auth.swift in Sources */ = {isa = PBXBuildFile; fileRef = 0E01B86E266E7B6C0073D04C /* Auth.swift */; };
		0E01B870266E7B6C0073D04C /* Auth.swift in Sources */ = {isa = PBXBuildFile; fileRef = 0E01B86E266E7B6C0073D04C /* Auth.swift */; };
		0E01B872266FD71C0073D04C /* PhotoDetail.swift in Sources */ = {isa = PBXBuildFile; fileRef = 0E01B871266FD71C0073D04C /* PhotoDetail.swift */; };
		0E01B873266FD71C0073D04C /* PhotoDetail.swift in Sources */ = {isa = PBXBuildFile; fileRef = 0E01B871266FD71C0073D04C /* PhotoDetail.swift */; };
		0E01B877266FD79C0073D04C /* Photo.swift in Sources */ = {isa = PBXBuildFile; fileRef = 0E01B876266FD79C0073D04C /* Photo.swift */; };
		0E01B878266FD79C0073D04C /* Photo.swift in Sources */ = {isa = PBXBuildFile; fileRef = 0E01B876266FD79C0073D04C /* Photo.swift */; };
		0E08BCBA2672560C00293A1D /* Settings.swift in Sources */ = {isa = PBXBuildFile; fileRef = 0E08BCB92672560C00293A1D /* Settings.swift */; };
		0E08BCBB2672560C00293A1D /* Settings.swift in Sources */ = {isa = PBXBuildFile; fileRef = 0E08BCB92672560C00293A1D /* Settings.swift */; };
		0E2E125F2680CA0D0018FB37 /* ImagePicker.swift in Sources */ = {isa = PBXBuildFile; fileRef = 0E2E125E2680CA0D0018FB37 /* ImagePicker.swift */; };
		0E2E12602680CA0D0018FB37 /* ImagePicker.swift in Sources */ = {isa = PBXBuildFile; fileRef = 0E2E125E2680CA0D0018FB37 /* ImagePicker.swift */; };
/* End PBXBuildFile section */

/* Begin PBXFileReference section */
		0E01B82D266682FC0073D04C /* RightloomApp.swift */ = {isa = PBXFileReference; lastKnownFileType = sourcecode.swift; path = RightloomApp.swift; sourceTree = "<group>"; };
		0E01B82E266682FC0073D04C /* ContentView.swift */ = {isa = PBXFileReference; lastKnownFileType = sourcecode.swift; path = ContentView.swift; sourceTree = "<group>"; };
		0E01B82F266682FD0073D04C /* Assets.xcassets */ = {isa = PBXFileReference; lastKnownFileType = folder.assetcatalog; path = Assets.xcassets; sourceTree = "<group>"; };
		0E01B834266682FD0073D04C /* Rightloom.app */ = {isa = PBXFileReference; explicitFileType = wrapper.application; includeInIndex = 0; path = Rightloom.app; sourceTree = BUILT_PRODUCTS_DIR; };
		0E01B837266682FD0073D04C /* Info.plist */ = {isa = PBXFileReference; lastKnownFileType = text.plist.xml; path = Info.plist; sourceTree = "<group>"; };
		0E01B83C266682FD0073D04C /* Rightloom.app */ = {isa = PBXFileReference; explicitFileType = wrapper.application; includeInIndex = 0; path = Rightloom.app; sourceTree = BUILT_PRODUCTS_DIR; };
		0E01B83E266682FD0073D04C /* Info.plist */ = {isa = PBXFileReference; lastKnownFileType = text.plist.xml; path = Info.plist; sourceTree = "<group>"; };
		0E01B83F266682FD0073D04C /* macOS.entitlements */ = {isa = PBXFileReference; lastKnownFileType = text.plist.entitlements; path = macOS.entitlements; sourceTree = "<group>"; };
		0E01B868266CFF6A0073D04C /* PhotoGridView.swift */ = {isa = PBXFileReference; lastKnownFileType = sourcecode.swift; path = PhotoGridView.swift; sourceTree = "<group>"; };
		0E01B86B266E76F10073D04C /* LoginView.swift */ = {isa = PBXFileReference; lastKnownFileType = sourcecode.swift; path = LoginView.swift; sourceTree = "<group>"; };
		0E01B86E266E7B6C0073D04C /* Auth.swift */ = {isa = PBXFileReference; lastKnownFileType = sourcecode.swift; path = Auth.swift; sourceTree = "<group>"; };
		0E01B871266FD71C0073D04C /* PhotoDetail.swift */ = {isa = PBXFileReference; lastKnownFileType = sourcecode.swift; path = PhotoDetail.swift; sourceTree = "<group>"; };
		0E01B876266FD79C0073D04C /* Photo.swift */ = {isa = PBXFileReference; lastKnownFileType = sourcecode.swift; path = Photo.swift; sourceTree = "<group>"; };
		0E08BCB92672560C00293A1D /* Settings.swift */ = {isa = PBXFileReference; lastKnownFileType = sourcecode.swift; path = Settings.swift; sourceTree = "<group>"; };
		0E2E125E2680CA0D0018FB37 /* ImagePicker.swift */ = {isa = PBXFileReference; lastKnownFileType = sourcecode.swift; path = ImagePicker.swift; sourceTree = "<group>"; };
/* End PBXFileReference section */

/* Begin PBXFrameworksBuildPhase section */
		0E01B831266682FD0073D04C /* Frameworks */ = {
			isa = PBXFrameworksBuildPhase;
			buildActionMask = 2147483647;
			files = (
			);
			runOnlyForDeploymentPostprocessing = 0;
		};
		0E01B839266682FD0073D04C /* Frameworks */ = {
			isa = PBXFrameworksBuildPhase;
			buildActionMask = 2147483647;
			files = (
			);
			runOnlyForDeploymentPostprocessing = 0;
		};
/* End PBXFrameworksBuildPhase section */

/* Begin PBXGroup section */
		0E01B827266682FC0073D04C = {
			isa = PBXGroup;
			children = (
				0E01B82C266682FC0073D04C /* Shared */,
				0E01B836266682FD0073D04C /* iOS */,
				0E01B83D266682FD0073D04C /* macOS */,
				0E01B835266682FD0073D04C /* Products */,
			);
			sourceTree = "<group>";
		};
		0E01B82C266682FC0073D04C /* Shared */ = {
			isa = PBXGroup;
			children = (
				0E01B875266FD7480073D04C /* Model */,
				0E01B874266FD7410073D04C /* Views */,
				0E01B82D266682FC0073D04C /* RightloomApp.swift */,
				0E01B82F266682FD0073D04C /* Assets.xcassets */,
			);
			path = Shared;
			sourceTree = "<group>";
		};
		0E01B835266682FD0073D04C /* Products */ = {
			isa = PBXGroup;
			children = (
				0E01B834266682FD0073D04C /* Rightloom.app */,
				0E01B83C266682FD0073D04C /* Rightloom.app */,
			);
			name = Products;
			sourceTree = "<group>";
		};
		0E01B836266682FD0073D04C /* iOS */ = {
			isa = PBXGroup;
			children = (
				0E01B837266682FD0073D04C /* Info.plist */,
			);
			path = iOS;
			sourceTree = "<group>";
		};
		0E01B83D266682FD0073D04C /* macOS */ = {
			isa = PBXGroup;
			children = (
				0E01B83E266682FD0073D04C /* Info.plist */,
				0E01B83F266682FD0073D04C /* macOS.entitlements */,
			);
			path = macOS;
			sourceTree = "<group>";
		};
		0E01B874266FD7410073D04C /* Views */ = {
			isa = PBXGroup;
			children = (
				0E01B82E266682FC0073D04C /* ContentView.swift */,
				0E01B86B266E76F10073D04C /* LoginView.swift */,
				0E01B871266FD71C0073D04C /* PhotoDetail.swift */,
				0E01B868266CFF6A0073D04C /* PhotoGridView.swift */,
				0E2E125E2680CA0D0018FB37 /* ImagePicker.swift */,
			);
			path = Views;
			sourceTree = "<group>";
		};
		0E01B875266FD7480073D04C /* Model */ = {
			isa = PBXGroup;
			children = (
				0E01B86E266E7B6C0073D04C /* Auth.swift */,
				0E01B876266FD79C0073D04C /* Photo.swift */,
				0E08BCB92672560C00293A1D /* Settings.swift */,
			);
			path = Model;
			sourceTree = "<group>";
		};
/* End PBXGroup section */

/* Begin PBXNativeTarget section */
		0E01B833266682FD0073D04C /* Rightloom (iOS) */ = {
			isa = PBXNativeTarget;
			buildConfigurationList = 0E01B848266682FD0073D04C /* Build configuration list for PBXNativeTarget "Rightloom (iOS)" */;
			buildPhases = (
				0E01B830266682FD0073D04C /* Sources */,
				0E01B831266682FD0073D04C /* Frameworks */,
				0E01B832266682FD0073D04C /* Resources */,
			);
			buildRules = (
			);
			dependencies = (
			);
			name = "Rightloom (iOS)";
			productName = "Rightloom (iOS)";
			productReference = 0E01B834266682FD0073D04C /* Rightloom.app */;
			productType = "com.apple.product-type.application";
		};
		0E01B83B266682FD0073D04C /* Rightloom (macOS) */ = {
			isa = PBXNativeTarget;
			buildConfigurationList = 0E01B84B266682FD0073D04C /* Build configuration list for PBXNativeTarget "Rightloom (macOS)" */;
			buildPhases = (
				0E01B838266682FD0073D04C /* Sources */,
				0E01B839266682FD0073D04C /* Frameworks */,
				0E01B83A266682FD0073D04C /* Resources */,
			);
			buildRules = (
			);
			dependencies = (
			);
			name = "Rightloom (macOS)";
			productName = "Rightloom (macOS)";
			productReference = 0E01B83C266682FD0073D04C /* Rightloom.app */;
			productType = "com.apple.product-type.application";
		};
/* End PBXNativeTarget section */

/* Begin PBXProject section */
		0E01B828266682FC0073D04C /* Project object */ = {
			isa = PBXProject;
			attributes = {
				LastSwiftUpdateCheck = 1250;
				LastUpgradeCheck = 1250;
				TargetAttributes = {
					0E01B833266682FD0073D04C = {
						CreatedOnToolsVersion = 12.5;
					};
					0E01B83B266682FD0073D04C = {
						CreatedOnToolsVersion = 12.5;
					};
				};
			};
			buildConfigurationList = 0E01B82B266682FC0073D04C /* Build configuration list for PBXProject "Rightloom" */;
			compatibilityVersion = "Xcode 9.3";
			developmentRegion = en;
			hasScannedForEncodings = 0;
			knownRegions = (
				en,
				Base,
			);
			mainGroup = 0E01B827266682FC0073D04C;
			productRefGroup = 0E01B835266682FD0073D04C /* Products */;
			projectDirPath = "";
			projectRoot = "";
			targets = (
				0E01B833266682FD0073D04C /* Rightloom (iOS) */,
				0E01B83B266682FD0073D04C /* Rightloom (macOS) */,
			);
		};
/* End PBXProject section */

/* Begin PBXResourcesBuildPhase section */
		0E01B832266682FD0073D04C /* Resources */ = {
			isa = PBXResourcesBuildPhase;
			buildActionMask = 2147483647;
			files = (
				0E01B844266682FD0073D04C /* Assets.xcassets in Resources */,
			);
			runOnlyForDeploymentPostprocessing = 0;
		};
		0E01B83A266682FD0073D04C /* Resources */ = {
			isa = PBXResourcesBuildPhase;
			buildActionMask = 2147483647;
			files = (
				0E01B845266682FD0073D04C /* Assets.xcassets in Resources */,
			);
			runOnlyForDeploymentPostprocessing = 0;
		};
/* End PBXResourcesBuildPhase section */

/* Begin PBXSourcesBuildPhase section */
		0E01B830266682FD0073D04C /* Sources */ = {
			isa = PBXSourcesBuildPhase;
			buildActionMask = 2147483647;
			files = (
				0E01B877266FD79C0073D04C /* Photo.swift in Sources */,
				0E01B869266CFF6A0073D04C /* PhotoGridView.swift in Sources */,
				0E08BCBA2672560C00293A1D /* Settings.swift in Sources */,
				0E2E125F2680CA0D0018FB37 /* ImagePicker.swift in Sources */,
				0E01B842266682FD0073D04C /* ContentView.swift in Sources */,
				0E01B86C266E76F10073D04C /* LoginView.swift in Sources */,
				0E01B840266682FD0073D04C /* RightloomApp.swift in Sources */,
				0E01B872266FD71C0073D04C /* PhotoDetail.swift in Sources */,
				0E01B86F266E7B6C0073D04C /* Auth.swift in Sources */,
			);
			runOnlyForDeploymentPostprocessing = 0;
		};
		0E01B838266682FD0073D04C /* Sources */ = {
			isa = PBXSourcesBuildPhase;
			buildActionMask = 2147483647;
			files = (
				0E01B878266FD79C0073D04C /* Photo.swift in Sources */,
				0E01B86A266CFF6A0073D04C /* PhotoGridView.swift in Sources */,
				0E08BCBB2672560C00293A1D /* Settings.swift in Sources */,
				0E2E12602680CA0D0018FB37 /* ImagePicker.swift in Sources */,
				0E01B843266682FD0073D04C /* ContentView.swift in Sources */,
				0E01B86D266E76F10073D04C /* LoginView.swift in Sources */,
				0E01B841266682FD0073D04C /* RightloomApp.swift in Sources */,
				0E01B873266FD71C0073D04C /* PhotoDetail.swift in Sources */,
				0E01B870266E7B6C0073D04C /* Auth.swift in Sources */,
			);
			runOnlyForDeploymentPostprocessing = 0;
		};
/* End PBXSourcesBuildPhase section */

/* Begin XCBuildConfiguration section */
		0E01B846266682FD0073D04C /* Debug */ = {
			isa = XCBuildConfiguration;
			buildSettings = {
				ALWAYS_SEARCH_USER_PATHS = NO;
				CLANG_ANALYZER_NONNULL = YES;
				CLANG_ANALYZER_NUMBER_OBJECT_CONVERSION = YES_AGGRESSIVE;
				CLANG_CXX_LANGUAGE_STANDARD = "gnu++14";
				CLANG_CXX_LIBRARY = "libc++";
				CLANG_ENABLE_MODULES = YES;
				CLANG_ENABLE_OBJC_ARC = YES;
				CLANG_ENABLE_OBJC_WEAK = YES;
				CLANG_WARN_BLOCK_CAPTURE_AUTORELEASING = YES;
				CLANG_WARN_BOOL_CONVERSION = YES;
				CLANG_WARN_COMMA = YES;
				CLANG_WARN_CONSTANT_CONVERSION = YES;
				CLANG_WARN_DEPRECATED_OBJC_IMPLEMENTATIONS = YES;
				CLANG_WARN_DIRECT_OBJC_ISA_USAGE = YES_ERROR;
				CLANG_WARN_DOCUMENTATION_COMMENTS = YES;
				CLANG_WARN_EMPTY_BODY = YES;
				CLANG_WARN_ENUM_CONVERSION = YES;
				CLANG_WARN_INFINITE_RECURSION = YES;
				CLANG_WARN_INT_CONVERSION = YES;
				CLANG_WARN_NON_LITERAL_NULL_CONVERSION = YES;
				CLANG_WARN_OBJC_IMPLICIT_RETAIN_SELF = YES;
				CLANG_WARN_OBJC_LITERAL_CONVERSION = YES;
				CLANG_WARN_OBJC_ROOT_CLASS = YES_ERROR;
				CLANG_WARN_QUOTED_INCLUDE_IN_FRAMEWORK_HEADER = YES;
				CLANG_WARN_RANGE_LOOP_ANALYSIS = YES;
				CLANG_WARN_STRICT_PROTOTYPES = YES;
				CLANG_WARN_SUSPICIOUS_MOVE = YES;
				CLANG_WARN_UNGUARDED_AVAILABILITY = YES_AGGRESSIVE;
				CLANG_WARN_UNREACHABLE_CODE = YES;
				CLANG_WARN__DUPLICATE_METHOD_MATCH = YES;
				COPY_PHASE_STRIP = NO;
				DEBUG_INFORMATION_FORMAT = dwarf;
				ENABLE_STRICT_OBJC_MSGSEND = YES;
				ENABLE_TESTABILITY = YES;
				GCC_C_LANGUAGE_STANDARD = gnu11;
				GCC_DYNAMIC_NO_PIC = NO;
				GCC_NO_COMMON_BLOCKS = YES;
				GCC_OPTIMIZATION_LEVEL = 0;
				GCC_PREPROCESSOR_DEFINITIONS = (
					"DEBUG=1",
					"$(inherited)",
				);
				GCC_WARN_64_TO_32_BIT_CONVERSION = YES;
				GCC_WARN_ABOUT_RETURN_TYPE = YES_ERROR;
				GCC_WARN_UNDECLARED_SELECTOR = YES;
				GCC_WARN_UNINITIALIZED_AUTOS = YES_AGGRESSIVE;
				GCC_WARN_UNUSED_FUNCTION = YES;
				GCC_WARN_UNUSED_VARIABLE = YES;
				MTL_ENABLE_DEBUG_INFO = INCLUDE_SOURCE;
				MTL_FAST_MATH = YES;
				ONLY_ACTIVE_ARCH = YES;
				SWIFT_ACTIVE_COMPILATION_CONDITIONS = DEBUG;
				SWIFT_OPTIMIZATION_LEVEL = "-Onone";
			};
			name = Debug;
		};
		0E01B847266682FD0073D04C /* Release */ = {
			isa = XCBuildConfiguration;
			buildSettings = {
				ALWAYS_SEARCH_USER_PATHS = NO;
				CLANG_ANALYZER_NONNULL = YES;
				CLANG_ANALYZER_NUMBER_OBJECT_CONVERSION = YES_AGGRESSIVE;
				CLANG_CXX_LANGUAGE_STANDARD = "gnu++14";
				CLANG_CXX_LIBRARY = "libc++";
				CLANG_ENABLE_MODULES = YES;
				CLANG_ENABLE_OBJC_ARC = YES;
				CLANG_ENABLE_OBJC_WEAK = YES;
				CLANG_WARN_BLOCK_CAPTURE_AUTORELEASING = YES;
				CLANG_WARN_BOOL_CONVERSION = YES;
				CLANG_WARN_COMMA = YES;
				CLANG_WARN_CONSTANT_CONVERSION = YES;
				CLANG_WARN_DEPRECATED_OBJC_IMPLEMENTATIONS = YES;
				CLANG_WARN_DIRECT_OBJC_ISA_USAGE = YES_ERROR;
				CLANG_WARN_DOCUMENTATION_COMMENTS = YES;
				CLANG_WARN_EMPTY_BODY = YES;
				CLANG_WARN_ENUM_CONVERSION = YES;
				CLANG_WARN_INFINITE_RECURSION = YES;
				CLANG_WARN_INT_CONVERSION = YES;
				CLANG_WARN_NON_LITERAL_NULL_CONVERSION = YES;
				CLANG_WARN_OBJC_IMPLICIT_RETAIN_SELF = YES;
				CLANG_WARN_OBJC_LITERAL_CONVERSION = YES;
				CLANG_WARN_OBJC_ROOT_CLASS = YES_ERROR;
				CLANG_WARN_QUOTED_INCLUDE_IN_FRAMEWORK_HEADER = YES;
				CLANG_WARN_RANGE_LOOP_ANALYSIS = YES;
				CLANG_WARN_STRICT_PROTOTYPES = YES;
				CLANG_WARN_SUSPICIOUS_MOVE = YES;
				CLANG_WARN_UNGUARDED_AVAILABILITY = YES_AGGRESSIVE;
				CLANG_WARN_UNREACHABLE_CODE = YES;
				CLANG_WARN__DUPLICATE_METHOD_MATCH = YES;
				COPY_PHASE_STRIP = NO;
				DEBUG_INFORMATION_FORMAT = "dwarf-with-dsym";
				ENABLE_NS_ASSERTIONS = NO;
				ENABLE_STRICT_OBJC_MSGSEND = YES;
				GCC_C_LANGUAGE_STANDARD = gnu11;
				GCC_NO_COMMON_BLOCKS = YES;
				GCC_WARN_64_TO_32_BIT_CONVERSION = YES;
				GCC_WARN_ABOUT_RETURN_TYPE = YES_ERROR;
				GCC_WARN_UNDECLARED_SELECTOR = YES;
				GCC_WARN_UNINITIALIZED_AUTOS = YES_AGGRESSIVE;
				GCC_WARN_UNUSED_FUNCTION = YES;
				GCC_WARN_UNUSED_VARIABLE = YES;
				MTL_ENABLE_DEBUG_INFO = NO;
				MTL_FAST_MATH = YES;
				SWIFT_COMPILATION_MODE = wholemodule;
				SWIFT_OPTIMIZATION_LEVEL = "-O";
			};
			name = Release;
		};
		0E01B849266682FD0073D04C /* Debug */ = {
			isa = XCBuildConfiguration;
			buildSettings = {
				ASSETCATALOG_COMPILER_APPICON_NAME = AppIcon;
				ASSETCATALOG_COMPILER_GLOBAL_ACCENT_COLOR_NAME = AccentColor;
				CODE_SIGN_STYLE = Automatic;
				ENABLE_PREVIEWS = YES;
				INFOPLIST_FILE = iOS/Info.plist;
				IPHONEOS_DEPLOYMENT_TARGET = 14.0;
				LD_RUNPATH_SEARCH_PATHS = (
					"$(inherited)",
					"@executable_path/Frameworks",
				);
				PRODUCT_BUNDLE_IDENTIFIER = "k-satosi.Rightloom";
				PRODUCT_NAME = Rightloom;
				SDKROOT = iphoneos;
				SWIFT_VERSION = 5.0;
				TARGETED_DEVICE_FAMILY = "1,2";
			};
			name = Debug;
		};
		0E01B84A266682FD0073D04C /* Release */ = {
			isa = XCBuildConfiguration;
			buildSettings = {
				ASSETCATALOG_COMPILER_APPICON_NAME = AppIcon;
				ASSETCATALOG_COMPILER_GLOBAL_ACCENT_COLOR_NAME = AccentColor;
				CODE_SIGN_STYLE = Automatic;
				ENABLE_PREVIEWS = YES;
				INFOPLIST_FILE = iOS/Info.plist;
				IPHONEOS_DEPLOYMENT_TARGET = 14.0;
				LD_RUNPATH_SEARCH_PATHS = (
					"$(inherited)",
					"@executable_path/Frameworks",
				);
				PRODUCT_BUNDLE_IDENTIFIER = "k-satosi.Rightloom";
				PRODUCT_NAME = Rightloom;
				SDKROOT = iphoneos;
				SWIFT_VERSION = 5.0;
				TARGETED_DEVICE_FAMILY = "1,2";
				VALIDATE_PRODUCT = YES;
			};
			name = Release;
		};
		0E01B84C266682FD0073D04C /* Debug */ = {
			isa = XCBuildConfiguration;
			buildSettings = {
				ASSETCATALOG_COMPILER_APPICON_NAME = AppIcon;
				ASSETCATALOG_COMPILER_GLOBAL_ACCENT_COLOR_NAME = AccentColor;
				CODE_SIGN_ENTITLEMENTS = macOS/macOS.entitlements;
				CODE_SIGN_STYLE = Automatic;
				COMBINE_HIDPI_IMAGES = YES;
				ENABLE_PREVIEWS = YES;
				INFOPLIST_FILE = macOS/Info.plist;
				LD_RUNPATH_SEARCH_PATHS = (
					"$(inherited)",
					"@executable_path/../Frameworks",
				);
				MACOSX_DEPLOYMENT_TARGET = 11.0;
				PRODUCT_BUNDLE_IDENTIFIER = "k-satosi.Rightloom";
				PRODUCT_NAME = Rightloom;
				SDKROOT = macosx;
				SWIFT_VERSION = 5.0;
			};
			name = Debug;
		};
		0E01B84D266682FD0073D04C /* Release */ = {
			isa = XCBuildConfiguration;
			buildSettings = {
				ASSETCATALOG_COMPILER_APPICON_NAME = AppIcon;
				ASSETCATALOG_COMPILER_GLOBAL_ACCENT_COLOR_NAME = AccentColor;
				CODE_SIGN_ENTITLEMENTS = macOS/macOS.entitlements;
				CODE_SIGN_STYLE = Automatic;
				COMBINE_HIDPI_IMAGES = YES;
				ENABLE_PREVIEWS = YES;
				INFOPLIST_FILE = macOS/Info.plist;
				LD_RUNPATH_SEARCH_PATHS = (
					"$(inherited)",
					"@executable_path/../Frameworks",
				);
				MACOSX_DEPLOYMENT_TARGET = 11.0;
				PRODUCT_BUNDLE_IDENTIFIER = "k-satosi.Rightloom";
				PRODUCT_NAME = Rightloom;
				SDKROOT = macosx;
				SWIFT_VERSION = 5.0;
			};
			name = Release;
		};
/* End XCBuildConfiguration section */

/* Begin XCConfigurationList section */
		0E01B82B266682FC0073D04C /* Build configuration list for PBXProject "Rightloom" */ = {
			isa = XCConfigurationList;
			buildConfigurations = (
				0E01B846266682FD0073D04C /* Debug */,
				0E01B847266682FD0073D04C /* Release */,
			);
			defaultConfigurationIsVisible = 0;
			defaultConfigurationName = Release;
		};
		0E01B848266682FD0073D04C /* Build configuration list for PBXNativeTarget "Rightloom (iOS)" */ = {
			isa = XCConfigurationList;
			buildConfigurations = (
				0E01B849266682FD0073D04C /* Debug */,
				0E01B84A266682FD0073D04C /* Release */,
			);
			defaultConfigurationIsVisible = 0;
			defaultConfigurationName = Release;
		};
		0E01B84B266682FD0073D04C /* Build configuration list for PBXNativeTarget "Rightloom (macOS)" */ = {
			isa = XCConfigurationList;
			buildConfigurations = (
				0E01B84C266682FD0073D04C /* Debug */,
				0E01B84D266682FD0073D04C /* Release */,
			);
			defaultConfigurationIsVisible = 0;
			defaultConfigurationName = Release;
		};
/* End XCConfigurationList section */
	};
	rootObject = 0E01B828266682FC0073D04C /* Project object */;
}
